{
	"name": "breadcrumbs",
	"version": "0.0.1-0",
	"lockfileVersion": 2,
	"requires": true,
	"packages": {
		"": {
			"version": "0.0.1-0",
			"license": "ISC",
			"dependencies": {
				"react-input-mask": "~1.2.2"
			}
		},
		"node_modules/react-input-mask": {
			"version": "1.2.2",
			"resolved": "https://registry.npmjs.org/react-input-mask/-/react-input-mask-1.2.2.tgz",
			"integrity": "sha512-bMbpt+PeErDvMYGGln8RaivWti4U3TOXLRG77dElEfdetVOSysmrVBKB6XvL1cKUMscaqcXvYhmLFjLpCH5e4Q=="
		}
	},
	"dependencies": {
		"react-input-mask": {
			"version": "1.2.2",
			"resolved": "https://registry.npmjs.org/react-input-mask/-/react-input-mask-1.2.2.tgz",
			"integrity": "sha512-bMbpt+PeErDvMYGGln8RaivWti4U3TOXLRG77dElEfdetVOSysmrVBKB6XvL1cKUMscaqcXvYhmLFjLpCH5e4Q=="
		}
	}
}
